
Microsoft Visual Studio Solution File, Format Version 12.00
# Visual Studio Version 17
VisualStudioVersion = 17.11.35327.3
MinimumVisualStudioVersion = 10.0.40219.1
Project("{FAE04EC0-301F-11D3-BF4B-00C04F79EFBC}") = "Assignment_2_2", "Assignment_2_2.csproj", "{64EBB13E-4AB6-4E06-858B-14F551AD47AE}"
EndProject
Global
	GlobalSection(SolutionConfigurationPlatforms) = preSolution
		Debug|Any CPU = Debug|Any CPU
		Release|Any CPU = Release|Any CPU
	EndGlobalSection
	GlobalSection(ProjectConfigurationPlatforms) = postSolution
		{64EBB13E-4AB6-4E06-858B-14F551AD47AE}.Debug|Any CPU.ActiveCfg = Debug|Any CPU
		{64EBB13E-4AB6-4E06-858B-14F551AD47AE}.Debug|Any CPU.Build.0 = Debug|Any CPU
		{64EBB13E-4AB6-4E06-858B-14F551AD47AE}.Release|Any CPU.ActiveCfg = Release|Any CPU
		{64EBB13E-4AB6-4E06-858B-14F551AD47AE}.Release|Any CPU.Build.0 = Release|Any CPU
	EndGlobalSection
	GlobalSection(SolutionProperties) = preSolution
		HideSolutionNode = FALSE
	EndGlobalSection
	GlobalSection(ExtensibilityGlobals) = postSolution
		SolutionGuid = {8955786A-8EC6-4851-98E4-0266898715EB}
	EndGlobalSection
EndGlobal
